
Microsoft Visual Studio Solution File, Format Version 12.00
# Visual Studio Version 17
VisualStudioVersion = 17.4.33122.133
MinimumVisualStudioVersion = 10.0.40219.1
Project("{FAE04EC0-301F-11D3-BF4B-00C04F79EFBC}") = "Demo-ASP", "Demo-ASP\Demo-ASP.csproj", "{37AE555D-191A-4C04-9942-8E449518C5F6}"
EndProject
Project("{FAE04EC0-301F-11D3-BF4B-00C04F79EFBC}") = "Toolbox", "Toolbox\Toolbox.csproj", "{4C36B4FB-6A93-46C6-9B08-C29776E1C3C0}"
EndProject
Global
	GlobalSection(SolutionConfigurationPlatforms) = preSolution
		Debug|Any CPU = Debug|Any CPU
		Release|Any CPU = Release|Any CPU
	EndGlobalSection
	GlobalSection(ProjectConfigurationPlatforms) = postSolution
		{37AE555D-191A-4C04-9942-8E449518C5F6}.Debug|Any CPU.ActiveCfg = Debug|Any CPU
		{37AE555D-191A-4C04-9942-8E449518C5F6}.Debug|Any CPU.Build.0 = Debug|Any CPU
		{37AE555D-191A-4C04-9942-8E449518C5F6}.Release|Any CPU.ActiveCfg = Release|Any CPU
		{37AE555D-191A-4C04-9942-8E449518C5F6}.Release|Any CPU.Build.0 = Release|Any CPU
		{4C36B4FB-6A93-46C6-9B08-C29776E1C3C0}.Debug|Any CPU.ActiveCfg = Debug|Any CPU
		{4C36B4FB-6A93-46C6-9B08-C29776E1C3C0}.Debug|Any CPU.Build.0 = Debug|Any CPU
		{4C36B4FB-6A93-46C6-9B08-C29776E1C3C0}.Release|Any CPU.ActiveCfg = Release|Any CPU
		{4C36B4FB-6A93-46C6-9B08-C29776E1C3C0}.Release|Any CPU.Build.0 = Release|Any CPU
	EndGlobalSection
	GlobalSection(SolutionProperties) = preSolution
		HideSolutionNode = FALSE
	EndGlobalSection
	GlobalSection(ExtensibilityGlobals) = postSolution
		SolutionGuid = {150D4BA4-4955-4633-BDA0-F174FC269AE8}
	EndGlobalSection
EndGlobal
